
Microsoft Visual Studio Solution File, Format Version 12.00
# Visual Studio Version 17
VisualStudioVersion = 17.1.32414.318
MinimumVisualStudioVersion = 10.0.40219.1
Project("{2150E333-8FDC-42A3-9474-1A3956D46DE8}") = "back", "back", "{E3F038FC-1EB3-4696-8DD9-23CF8F089ED4}"
EndProject
Project("{2150E333-8FDC-42A3-9474-1A3956D46DE8}") = "front", "front", "{68EA7F45-6804-4ECD-903B-2C989CD140ED}"
EndProject
Project("{2150E333-8FDC-42A3-9474-1A3956D46DE8}") = "share", "share", "{96CC385F-7D12-43E2-ADDB-EF1E9EAE64B1}"
EndProject
Project("{2150E333-8FDC-42A3-9474-1A3956D46DE8}") = "Transport", "Transport", "{80284D92-D211-4A63-9B3B-EF553D550289}"
EndProject
Project("{2150E333-8FDC-42A3-9474-1A3956D46DE8}") = "common", "common", "{6F536438-55C9-49BC-966A-A8DFB7F1E154}"
EndProject
Project("{9A19103F-16F7-4668-BE54-9A1E7A4F7556}") = "Transport.Service.EventHandler", "src\back\transport\Transport.Service.EventHandler\Transport.Service.EventHandler.csproj", "{B9E5766D-AEA3-474F-B2FA-6E5FBBA6F1B6}"
EndProject
Project("{9A19103F-16F7-4668-BE54-9A1E7A4F7556}") = "Transport.Domain", "src\back\transport\Transport.Domain\Transport.Domain.csproj", "{54C2F667-DEED-4F79-A05D-FFA2C5F78E60}"
EndProject
Project("{9A19103F-16F7-4668-BE54-9A1E7A4F7556}") = "Transport.Persistence", "src\back\transport\Transport.Persistence\Transport.Persistence.csproj", "{D4F76414-4919-4AE8-B9D7-49960AA4D9F8}"
EndProject
Project("{9A19103F-16F7-4668-BE54-9A1E7A4F7556}") = "Domain.Common", "src\common\Domain.Common\Domain.Common.csproj", "{F5D524F5-F037-4728-B921-D3321C34CC3B}"
EndProject
Project("{9A19103F-16F7-4668-BE54-9A1E7A4F7556}") = "Transport.Api", "src\back\transport\Transport.Api\Transport.Api.csproj", "{C48D5FF3-D89F-4B25-ACD9-40E1E9CAD095}"
EndProject
Project("{9A19103F-16F7-4668-BE54-9A1E7A4F7556}") = "Logistic.Web", "src\front\web\Logistic.Web\Logistic.Web.csproj", "{3E307127-4C31-4C60-A569-5B9C2A5ABC77}"
EndProject
Project("{2150E333-8FDC-42A3-9474-1A3956D46DE8}") = "gateway", "gateway", "{D0FE3B65-C309-4A78-B478-87C83CC8B02E}"
EndProject
Project("{9A19103F-16F7-4668-BE54-9A1E7A4F7556}") = "Api.Gateway.WebClient.Proxy", "src\front\gateway\Api.Gateway.WebClient.Proxy\Api.Gateway.WebClient.Proxy.csproj", "{85A08342-BC6D-4491-B208-8C775B5228AE}"
EndProject
Project("{9A19103F-16F7-4668-BE54-9A1E7A4F7556}") = "Api.Gateway.WebClient", "src\front\gateway\Api.Gateway.WebClient\Api.Gateway.WebClient.csproj", "{38222B69-6155-4475-8447-393C31BE8F5D}"
EndProject
Project("{9A19103F-16F7-4668-BE54-9A1E7A4F7556}") = "Api.Gateway.Ocelot", "src\back\gateway\Api.Gateway.Ocelot\Api.Gateway.Ocelot.csproj", "{A1374F69-AB8F-48EE-881D-9F75E062CB89}"
EndProject
Project("{9A19103F-16F7-4668-BE54-9A1E7A4F7556}") = "Api.Gateway.Proxies", "src\back\gateway\Api.Gateway.Proxies\Api.Gateway.Proxies.csproj", "{B43F2AFB-24DD-469F-BD65-86363B8B8EDE}"
EndProject
Project("{2150E333-8FDC-42A3-9474-1A3956D46DE8}") = "common", "common", "{4004814E-3A4D-4644-A978-9BA7078569BD}"
EndProject
Project("{9A19103F-16F7-4668-BE54-9A1E7A4F7556}") = "Api.Gateway.Ocelot.3", "src\gateway\Api.Gateway.Ocelot.3\Api.Gateway.Ocelot.3.csproj", "{FCDE27F4-CDFA-438D-B20D-1E57DA94D59C}"
EndProject
Project("{2150E333-8FDC-42A3-9474-1A3956D46DE8}") = "Identity", "Identity", "{40E75A0C-0E6D-4389-84C7-BEFD6167ECF8}"
EndProject
Project("{9A19103F-16F7-4668-BE54-9A1E7A4F7556}") = "Identity.Persistence.Database", "src\back\identity\Identity.Persistence\Identity.Persistence.Database.csproj", "{A779AFF5-721A-401C-9400-A80B583FD815}"
EndProject
Project("{9A19103F-16F7-4668-BE54-9A1E7A4F7556}") = "Identity.Dtos", "src\back\identity\Identity.Dtos\Identity.Dtos.csproj", "{DEDFDCF6-3CE3-4E43-83A0-596FB58DEC96}"
EndProject
Project("{9A19103F-16F7-4668-BE54-9A1E7A4F7556}") = "Identity.Services.Queries", "src\back\identity\Identity.Services.Queries\Identity.Services.Queries.csproj", "{A5B21608-9783-4DBF-92EF-87540D9983F3}"
EndProject
Project("{9A19103F-16F7-4668-BE54-9A1E7A4F7556}") = "Identity.Services.EvenHandlers", "src\back\identity\Identity.Services.EvenHandlers\Identity.Services.EvenHandlers.csproj", "{BB514251-6AB7-4A6D-AFFD-90505C4F0801}"
EndProject
Project("{9A19103F-16F7-4668-BE54-9A1E7A4F7556}") = "Identity.Api", "src\back\identity\Identity.Api\Identity.Api.csproj", "{64587A59-57F7-41FF-9656-A2AB20D22195}"
EndProject
Project("{9A19103F-16F7-4668-BE54-9A1E7A4F7556}") = "Clients.Authentication", "src\front\Clients.Authentication\Clients.Authentication.csproj", "{4FED0D3C-243E-4B3D-BCA2-A782EB9A76D3}"
EndProject
Project("{9A19103F-16F7-4668-BE54-9A1E7A4F7556}") = "WebStatus", "src\front\WebStatus\WebStatus.csproj", "{C5BB9C58-CAC2-4998-AC23-810FA4A9C012}"
EndProject
Project("{9A19103F-16F7-4668-BE54-9A1E7A4F7556}") = "Identity.Tenant.Api", "src\back\identity\Identity.Tenant.Api\Identity.Tenant.Api.csproj", "{23BFFBCE-D0CE-4D83-8407-24FF01E12808}"
EndProject
Project("{9A19103F-16F7-4668-BE54-9A1E7A4F7556}") = "Identity.Persistence.Database.Tenant", "src\back\identity\Identity.Persistence.Database.Tenant\Identity.Persistence.Database.Tenant.csproj", "{71BDFDE5-29C4-4A15-B0D4-77DED147F32C}"
EndProject
Project("{2150E333-8FDC-42A3-9474-1A3956D46DE8}") = "Tenants", "Tenants", "{5B43A9CB-DEE4-4355-A101-9A8D3A611769}"
EndProject
Project("{9A19103F-16F7-4668-BE54-9A1E7A4F7556}") = "Transport.Repository", "src\back\transport\Transport.Repository\Transport.Repository.csproj", "{9C2944DB-EDC5-45BB-96FE-7AE81E6EE0FB}"
EndProject
Project("{2150E333-8FDC-42A3-9474-1A3956D46DE8}") = "Test", "Test", "{84C6068F-98D4-419E-A063-6061E714441F}"
EndProject
Project("{E53339B2-1760-4266-BCC7-CA923CBCF16C}") = "docker-compose", "docker-compose.dcproj", "{D43DADA9-98E1-4E4F-9342-A3A61E5B7B52}"
EndProject
Project("{2150E333-8FDC-42A3-9474-1A3956D46DE8}") = "Street", "Street", "{AEDBA422-6E1C-44DE-8368-5160577E1989}"
EndProject
Project("{9A19103F-16F7-4668-BE54-9A1E7A4F7556}") = "Streets.Api", "src\back\street\Street.Api\Streets.Api.csproj", "{E45A44F2-CCFE-4655-B6A8-F73A71D92792}"
EndProject
Project("{9A19103F-16F7-4668-BE54-9A1E7A4F7556}") = "Streets.Persistence.Database", "src\back\street\Street.Persistence.Database\Streets.Persistence.Database.csproj", "{081ECA9B-7DE2-4349-B767-770D2AD4D3D9}"
EndProject
Project("{9A19103F-16F7-4668-BE54-9A1E7A4F7556}") = "Streets.Application", "src\back\street\Street.Application\Streets.Application.csproj", "{D7DE5190-6407-4C7A-8F48-9234E59E04B4}"
EndProject
Project("{2150E333-8FDC-42A3-9474-1A3956D46DE8}") = "Performances", "Performances", "{98809C6A-ABF0-474D-A6AA-F7FC699326A2}"
EndProject
Project("{2150E333-8FDC-42A3-9474-1A3956D46DE8}") = "orchestration", "orchestration", "{B5531E8B-A789-4B62-A01A-75E87C8CCBE8}"
EndProject
Project("{FAE04EC0-301F-11D3-BF4B-00C04F79EFBC}") = "LogisticOne.AppHost.Orchestrator", "..\LogisticOne.AppHost.Orchestrator\LogisticOne.AppHost.Orchestrator.csproj", "{32252EB6-3138-483B-9FC6-3665674A7A22}"
EndProject
Project("{FAE04EC0-301F-11D3-BF4B-00C04F79EFBC}") = "Common.Core.Identity", "..\..\dotnet\Common.Core\Common.Core.Identity\Common.Core.Identity.csproj", "{4D4C0A3C-F896-4EC1-AA9B-49BF310F1DEB}"
EndProject
Project("{FAE04EC0-301F-11D3-BF4B-00C04F79EFBC}") = "Common.Core.Identity", "..\..\dotnet\Common.Core\src\Common.Core.Identity\Common.Core.Identity.csproj", "{DB8821ED-9E8D-4B2B-949F-8D2A0109D27D}"
EndProject
Project("{FAE04EC0-301F-11D3-BF4B-00C04F79EFBC}") = "Common.Core.Persistence", "..\..\dotnet\Common.Core\src\Common.Core.Persistence\Common.Core.Persistence.csproj", "{AB376237-6925-4FD3-9356-AD58E007416F}"
EndProject
Project("{FAE04EC0-301F-11D3-BF4B-00C04F79EFBC}") = "Common.Core.Web", "..\..\dotnet\Common.Core\src\Common.Core.Web\Common.Core.Web.csproj", "{CDE96D1E-AD0A-4DA3-8830-E83D4ED28EED}"
EndProject
Project("{FAE04EC0-301F-11D3-BF4B-00C04F79EFBC}") = "Common.Core", "..\..\dotnet\Common.Core\src\Common.Core\Common.Core.csproj", "{66C6C124-80BD-45E1-B731-25C798A30A26}"
EndProject
Project("{FAE04EC0-301F-11D3-BF4B-00C04F79EFBC}") = "Common.Core.Functional", "..\..\dotnet\Common.Core\src\Common.Core.Functional\Common.Core.Functional.csproj", "{BB7DB76A-61F6-4E44-AEE8-5502B4B718C7}"
EndProject
Project("{FAE04EC0-301F-11D3-BF4B-00C04F79EFBC}") = "ServiceDefaults", "..\ServiceDefaults\ServiceDefaults.csproj", "{91D13F21-2B27-42C8-97D7-BA241B211585}"
EndProject
Project("{2150E333-8FDC-42A3-9474-1A3956D46DE8}") = "test", "test", "{51656216-C5A1-4F29-AE30-AE4FD43F6550}"
EndProject
Project("{FAE04EC0-301F-11D3-BF4B-00C04F79EFBC}") = "Transport.Api.Test.Unit", "src\test\Transport.Api.Test.Unit\Transport.Api.Test.Unit.csproj", "{13F864EF-F904-473C-A0B3-418263CEA711}"
EndProject
Project("{FAE04EC0-301F-11D3-BF4B-00C04F79EFBC}") = "Transport.Test.Unit", "src\test\Transport.Test.Unit\Transport.Test.Unit.csproj", "{448F9E53-F17D-4777-ABA9-DD7CC5D22580}"
EndProject
Global
	GlobalSection(SolutionConfigurationPlatforms) = preSolution
		Debug|Any CPU = Debug|Any CPU
		Release|Any CPU = Release|Any CPU
	EndGlobalSection
	GlobalSection(ProjectConfigurationPlatforms) = postSolution
		{B9E5766D-AEA3-474F-B2FA-6E5FBBA6F1B6}.Debug|Any CPU.ActiveCfg = Debug|Any CPU
		{B9E5766D-AEA3-474F-B2FA-6E5FBBA6F1B6}.Debug|Any CPU.Build.0 = Debug|Any CPU
		{B9E5766D-AEA3-474F-B2FA-6E5FBBA6F1B6}.Release|Any CPU.ActiveCfg = Release|Any CPU
		{B9E5766D-AEA3-474F-B2FA-6E5FBBA6F1B6}.Release|Any CPU.Build.0 = Release|Any CPU
		{54C2F667-DEED-4F79-A05D-FFA2C5F78E60}.Debug|Any CPU.ActiveCfg = Debug|Any CPU
		{54C2F667-DEED-4F79-A05D-FFA2C5F78E60}.Debug|Any CPU.Build.0 = Debug|Any CPU
		{54C2F667-DEED-4F79-A05D-FFA2C5F78E60}.Release|Any CPU.ActiveCfg = Release|Any CPU
		{54C2F667-DEED-4F79-A05D-FFA2C5F78E60}.Release|Any CPU.Build.0 = Release|Any CPU
		{D4F76414-4919-4AE8-B9D7-49960AA4D9F8}.Debug|Any CPU.ActiveCfg = Debug|Any CPU
		{D4F76414-4919-4AE8-B9D7-49960AA4D9F8}.Debug|Any CPU.Build.0 = Debug|Any CPU
		{D4F76414-4919-4AE8-B9D7-49960AA4D9F8}.Release|Any CPU.ActiveCfg = Release|Any CPU
		{D4F76414-4919-4AE8-B9D7-49960AA4D9F8}.Release|Any CPU.Build.0 = Release|Any CPU
		{F5D524F5-F037-4728-B921-D3321C34CC3B}.Debug|Any CPU.ActiveCfg = Debug|Any CPU
		{F5D524F5-F037-4728-B921-D3321C34CC3B}.Debug|Any CPU.Build.0 = Debug|Any CPU
		{F5D524F5-F037-4728-B921-D3321C34CC3B}.Release|Any CPU.ActiveCfg = Release|Any CPU
		{F5D524F5-F037-4728-B921-D3321C34CC3B}.Release|Any CPU.Build.0 = Release|Any CPU
		{C48D5FF3-D89F-4B25-ACD9-40E1E9CAD095}.Debug|Any CPU.ActiveCfg = Debug|Any CPU
		{C48D5FF3-D89F-4B25-ACD9-40E1E9CAD095}.Debug|Any CPU.Build.0 = Debug|Any CPU
		{C48D5FF3-D89F-4B25-ACD9-40E1E9CAD095}.Release|Any CPU.ActiveCfg = Release|Any CPU
		{C48D5FF3-D89F-4B25-ACD9-40E1E9CAD095}.Release|Any CPU.Build.0 = Release|Any CPU
		{3E307127-4C31-4C60-A569-5B9C2A5ABC77}.Debug|Any CPU.ActiveCfg = Debug|Any CPU
		{3E307127-4C31-4C60-A569-5B9C2A5ABC77}.Debug|Any CPU.Build.0 = Debug|Any CPU
		{3E307127-4C31-4C60-A569-5B9C2A5ABC77}.Release|Any CPU.ActiveCfg = Release|Any CPU
		{3E307127-4C31-4C60-A569-5B9C2A5ABC77}.Release|Any CPU.Build.0 = Release|Any CPU
		{85A08342-BC6D-4491-B208-8C775B5228AE}.Debug|Any CPU.ActiveCfg = Debug|Any CPU
		{85A08342-BC6D-4491-B208-8C775B5228AE}.Debug|Any CPU.Build.0 = Debug|Any CPU
		{85A08342-BC6D-4491-B208-8C775B5228AE}.Release|Any CPU.ActiveCfg = Release|Any CPU
		{85A08342-BC6D-4491-B208-8C775B5228AE}.Release|Any CPU.Build.0 = Release|Any CPU
		{38222B69-6155-4475-8447-393C31BE8F5D}.Debug|Any CPU.ActiveCfg = Debug|Any CPU
		{38222B69-6155-4475-8447-393C31BE8F5D}.Debug|Any CPU.Build.0 = Debug|Any CPU
		{38222B69-6155-4475-8447-393C31BE8F5D}.Release|Any CPU.ActiveCfg = Release|Any CPU
		{38222B69-6155-4475-8447-393C31BE8F5D}.Release|Any CPU.Build.0 = Release|Any CPU
		{A1374F69-AB8F-48EE-881D-9F75E062CB89}.Debug|Any CPU.ActiveCfg = Debug|Any CPU
		{A1374F69-AB8F-48EE-881D-9F75E062CB89}.Debug|Any CPU.Build.0 = Debug|Any CPU
		{A1374F69-AB8F-48EE-881D-9F75E062CB89}.Release|Any CPU.ActiveCfg = Release|Any CPU
		{A1374F69-AB8F-48EE-881D-9F75E062CB89}.Release|Any CPU.Build.0 = Release|Any CPU
		{B43F2AFB-24DD-469F-BD65-86363B8B8EDE}.Debug|Any CPU.ActiveCfg = Debug|Any CPU
		{B43F2AFB-24DD-469F-BD65-86363B8B8EDE}.Debug|Any CPU.Build.0 = Debug|Any CPU
		{B43F2AFB-24DD-469F-BD65-86363B8B8EDE}.Release|Any CPU.ActiveCfg = Release|Any CPU
		{B43F2AFB-24DD-469F-BD65-86363B8B8EDE}.Release|Any CPU.Build.0 = Release|Any CPU
		{FCDE27F4-CDFA-438D-B20D-1E57DA94D59C}.Debug|Any CPU.ActiveCfg = Debug|Any CPU
		{FCDE27F4-CDFA-438D-B20D-1E57DA94D59C}.Debug|Any CPU.Build.0 = Debug|Any CPU
		{FCDE27F4-CDFA-438D-B20D-1E57DA94D59C}.Release|Any CPU.ActiveCfg = Release|Any CPU
		{FCDE27F4-CDFA-438D-B20D-1E57DA94D59C}.Release|Any CPU.Build.0 = Release|Any CPU
		{A779AFF5-721A-401C-9400-A80B583FD815}.Debug|Any CPU.ActiveCfg = Debug|Any CPU
		{A779AFF5-721A-401C-9400-A80B583FD815}.Debug|Any CPU.Build.0 = Debug|Any CPU
		{A779AFF5-721A-401C-9400-A80B583FD815}.Release|Any CPU.ActiveCfg = Release|Any CPU
		{A779AFF5-721A-401C-9400-A80B583FD815}.Release|Any CPU.Build.0 = Release|Any CPU
		{DEDFDCF6-3CE3-4E43-83A0-596FB58DEC96}.Debug|Any CPU.ActiveCfg = Debug|Any CPU
		{DEDFDCF6-3CE3-4E43-83A0-596FB58DEC96}.Debug|Any CPU.Build.0 = Debug|Any CPU
		{DEDFDCF6-3CE3-4E43-83A0-596FB58DEC96}.Release|Any CPU.ActiveCfg = Release|Any CPU
		{DEDFDCF6-3CE3-4E43-83A0-596FB58DEC96}.Release|Any CPU.Build.0 = Release|Any CPU
		{A5B21608-9783-4DBF-92EF-87540D9983F3}.Debug|Any CPU.ActiveCfg = Debug|Any CPU
		{A5B21608-9783-4DBF-92EF-87540D9983F3}.Debug|Any CPU.Build.0 = Debug|Any CPU
		{A5B21608-9783-4DBF-92EF-87540D9983F3}.Release|Any CPU.ActiveCfg = Release|Any CPU
		{A5B21608-9783-4DBF-92EF-87540D9983F3}.Release|Any CPU.Build.0 = Release|Any CPU
		{BB514251-6AB7-4A6D-AFFD-90505C4F0801}.Debug|Any CPU.ActiveCfg = Debug|Any CPU
		{BB514251-6AB7-4A6D-AFFD-90505C4F0801}.Debug|Any CPU.Build.0 = Debug|Any CPU
		{BB514251-6AB7-4A6D-AFFD-90505C4F0801}.Release|Any CPU.ActiveCfg = Release|Any CPU
		{BB514251-6AB7-4A6D-AFFD-90505C4F0801}.Release|Any CPU.Build.0 = Release|Any CPU
		{64587A59-57F7-41FF-9656-A2AB20D22195}.Debug|Any CPU.ActiveCfg = Debug|Any CPU
		{64587A59-57F7-41FF-9656-A2AB20D22195}.Debug|Any CPU.Build.0 = Debug|Any CPU
		{64587A59-57F7-41FF-9656-A2AB20D22195}.Release|Any CPU.ActiveCfg = Release|Any CPU
		{64587A59-57F7-41FF-9656-A2AB20D22195}.Release|Any CPU.Build.0 = Release|Any CPU
		{4FED0D3C-243E-4B3D-BCA2-A782EB9A76D3}.Debug|Any CPU.ActiveCfg = Debug|Any CPU
		{4FED0D3C-243E-4B3D-BCA2-A782EB9A76D3}.Debug|Any CPU.Build.0 = Debug|Any CPU
		{4FED0D3C-243E-4B3D-BCA2-A782EB9A76D3}.Release|Any CPU.ActiveCfg = Release|Any CPU
		{4FED0D3C-243E-4B3D-BCA2-A782EB9A76D3}.Release|Any CPU.Build.0 = Release|Any CPU
		{C5BB9C58-CAC2-4998-AC23-810FA4A9C012}.Debug|Any CPU.ActiveCfg = Debug|Any CPU
		{C5BB9C58-CAC2-4998-AC23-810FA4A9C012}.Debug|Any CPU.Build.0 = Debug|Any CPU
		{C5BB9C58-CAC2-4998-AC23-810FA4A9C012}.Release|Any CPU.ActiveCfg = Release|Any CPU
		{C5BB9C58-CAC2-4998-AC23-810FA4A9C012}.Release|Any CPU.Build.0 = Release|Any CPU
		{23BFFBCE-D0CE-4D83-8407-24FF01E12808}.Debug|Any CPU.ActiveCfg = Debug|Any CPU
		{23BFFBCE-D0CE-4D83-8407-24FF01E12808}.Debug|Any CPU.Build.0 = Debug|Any CPU
		{23BFFBCE-D0CE-4D83-8407-24FF01E12808}.Release|Any CPU.ActiveCfg = Release|Any CPU
		{23BFFBCE-D0CE-4D83-8407-24FF01E12808}.Release|Any CPU.Build.0 = Release|Any CPU
		{71BDFDE5-29C4-4A15-B0D4-77DED147F32C}.Debug|Any CPU.ActiveCfg = Debug|Any CPU
		{71BDFDE5-29C4-4A15-B0D4-77DED147F32C}.Debug|Any CPU.Build.0 = Debug|Any CPU
		{71BDFDE5-29C4-4A15-B0D4-77DED147F32C}.Release|Any CPU.ActiveCfg = Release|Any CPU
		{71BDFDE5-29C4-4A15-B0D4-77DED147F32C}.Release|Any CPU.Build.0 = Release|Any CPU
		{9C2944DB-EDC5-45BB-96FE-7AE81E6EE0FB}.Debug|Any CPU.ActiveCfg = Debug|Any CPU
		{9C2944DB-EDC5-45BB-96FE-7AE81E6EE0FB}.Debug|Any CPU.Build.0 = Debug|Any CPU
		{9C2944DB-EDC5-45BB-96FE-7AE81E6EE0FB}.Release|Any CPU.ActiveCfg = Release|Any CPU
		{9C2944DB-EDC5-45BB-96FE-7AE81E6EE0FB}.Release|Any CPU.Build.0 = Release|Any CPU
		{D43DADA9-98E1-4E4F-9342-A3A61E5B7B52}.Debug|Any CPU.ActiveCfg = Debug|Any CPU
		{D43DADA9-98E1-4E4F-9342-A3A61E5B7B52}.Debug|Any CPU.Build.0 = Debug|Any CPU
		{D43DADA9-98E1-4E4F-9342-A3A61E5B7B52}.Release|Any CPU.ActiveCfg = Release|Any CPU
		{D43DADA9-98E1-4E4F-9342-A3A61E5B7B52}.Release|Any CPU.Build.0 = Release|Any CPU
		{E45A44F2-CCFE-4655-B6A8-F73A71D92792}.Debug|Any CPU.ActiveCfg = Debug|Any CPU
		{E45A44F2-CCFE-4655-B6A8-F73A71D92792}.Debug|Any CPU.Build.0 = Debug|Any CPU
		{E45A44F2-CCFE-4655-B6A8-F73A71D92792}.Release|Any CPU.ActiveCfg = Release|Any CPU
		{E45A44F2-CCFE-4655-B6A8-F73A71D92792}.Release|Any CPU.Build.0 = Release|Any CPU
		{081ECA9B-7DE2-4349-B767-770D2AD4D3D9}.Debug|Any CPU.ActiveCfg = Debug|Any CPU
		{081ECA9B-7DE2-4349-B767-770D2AD4D3D9}.Debug|Any CPU.Build.0 = Debug|Any CPU
		{081ECA9B-7DE2-4349-B767-770D2AD4D3D9}.Release|Any CPU.ActiveCfg = Release|Any CPU
		{081ECA9B-7DE2-4349-B767-770D2AD4D3D9}.Release|Any CPU.Build.0 = Release|Any CPU
		{D7DE5190-6407-4C7A-8F48-9234E59E04B4}.Debug|Any CPU.ActiveCfg = Debug|Any CPU
		{D7DE5190-6407-4C7A-8F48-9234E59E04B4}.Debug|Any CPU.Build.0 = Debug|Any CPU
		{D7DE5190-6407-4C7A-8F48-9234E59E04B4}.Release|Any CPU.ActiveCfg = Release|Any CPU
		{D7DE5190-6407-4C7A-8F48-9234E59E04B4}.Release|Any CPU.Build.0 = Release|Any CPU
		{32252EB6-3138-483B-9FC6-3665674A7A22}.Debug|Any CPU.ActiveCfg = Debug|Any CPU
		{32252EB6-3138-483B-9FC6-3665674A7A22}.Debug|Any CPU.Build.0 = Debug|Any CPU
		{32252EB6-3138-483B-9FC6-3665674A7A22}.Release|Any CPU.ActiveCfg = Release|Any CPU
		{32252EB6-3138-483B-9FC6-3665674A7A22}.Release|Any CPU.Build.0 = Release|Any CPU
		{4D4C0A3C-F896-4EC1-AA9B-49BF310F1DEB}.Debug|Any CPU.ActiveCfg = Debug|Any CPU
		{4D4C0A3C-F896-4EC1-AA9B-49BF310F1DEB}.Debug|Any CPU.Build.0 = Debug|Any CPU
		{4D4C0A3C-F896-4EC1-AA9B-49BF310F1DEB}.Release|Any CPU.ActiveCfg = Release|Any CPU
		{4D4C0A3C-F896-4EC1-AA9B-49BF310F1DEB}.Release|Any CPU.Build.0 = Release|Any CPU
		{DB8821ED-9E8D-4B2B-949F-8D2A0109D27D}.Debug|Any CPU.ActiveCfg = Debug|Any CPU
		{DB8821ED-9E8D-4B2B-949F-8D2A0109D27D}.Debug|Any CPU.Build.0 = Debug|Any CPU
		{DB8821ED-9E8D-4B2B-949F-8D2A0109D27D}.Release|Any CPU.ActiveCfg = Release|Any CPU
		{DB8821ED-9E8D-4B2B-949F-8D2A0109D27D}.Release|Any CPU.Build.0 = Release|Any CPU
		{AB376237-6925-4FD3-9356-AD58E007416F}.Debug|Any CPU.ActiveCfg = Debug|Any CPU
		{AB376237-6925-4FD3-9356-AD58E007416F}.Debug|Any CPU.Build.0 = Debug|Any CPU
		{AB376237-6925-4FD3-9356-AD58E007416F}.Release|Any CPU.ActiveCfg = Release|Any CPU
		{AB376237-6925-4FD3-9356-AD58E007416F}.Release|Any CPU.Build.0 = Release|Any CPU
		{CDE96D1E-AD0A-4DA3-8830-E83D4ED28EED}.Debug|Any CPU.ActiveCfg = Debug|Any CPU
		{CDE96D1E-AD0A-4DA3-8830-E83D4ED28EED}.Debug|Any CPU.Build.0 = Debug|Any CPU
		{CDE96D1E-AD0A-4DA3-8830-E83D4ED28EED}.Release|Any CPU.ActiveCfg = Release|Any CPU
		{CDE96D1E-AD0A-4DA3-8830-E83D4ED28EED}.Release|Any CPU.Build.0 = Release|Any CPU
		{66C6C124-80BD-45E1-B731-25C798A30A26}.Debug|Any CPU.ActiveCfg = Debug|Any CPU
		{66C6C124-80BD-45E1-B731-25C798A30A26}.Debug|Any CPU.Build.0 = Debug|Any CPU
		{66C6C124-80BD-45E1-B731-25C798A30A26}.Release|Any CPU.ActiveCfg = Release|Any CPU
		{66C6C124-80BD-45E1-B731-25C798A30A26}.Release|Any CPU.Build.0 = Release|Any CPU
		{BB7DB76A-61F6-4E44-AEE8-5502B4B718C7}.Debug|Any CPU.ActiveCfg = Debug|Any CPU
		{BB7DB76A-61F6-4E44-AEE8-5502B4B718C7}.Debug|Any CPU.Build.0 = Debug|Any CPU
		{BB7DB76A-61F6-4E44-AEE8-5502B4B718C7}.Release|Any CPU.ActiveCfg = Release|Any CPU
		{BB7DB76A-61F6-4E44-AEE8-5502B4B718C7}.Release|Any CPU.Build.0 = Release|Any CPU
		{91D13F21-2B27-42C8-97D7-BA241B211585}.Debug|Any CPU.ActiveCfg = Debug|Any CPU
		{91D13F21-2B27-42C8-97D7-BA241B211585}.Debug|Any CPU.Build.0 = Debug|Any CPU
		{91D13F21-2B27-42C8-97D7-BA241B211585}.Release|Any CPU.ActiveCfg = Release|Any CPU
		{91D13F21-2B27-42C8-97D7-BA241B211585}.Release|Any CPU.Build.0 = Release|Any CPU
		{13F864EF-F904-473C-A0B3-418263CEA711}.Debug|Any CPU.ActiveCfg = Debug|Any CPU
		{13F864EF-F904-473C-A0B3-418263CEA711}.Debug|Any CPU.Build.0 = Debug|Any CPU
		{13F864EF-F904-473C-A0B3-418263CEA711}.Release|Any CPU.ActiveCfg = Release|Any CPU
		{13F864EF-F904-473C-A0B3-418263CEA711}.Release|Any CPU.Build.0 = Release|Any CPU
		{448F9E53-F17D-4777-ABA9-DD7CC5D22580}.Debug|Any CPU.ActiveCfg = Debug|Any CPU
		{448F9E53-F17D-4777-ABA9-DD7CC5D22580}.Debug|Any CPU.Build.0 = Debug|Any CPU
		{448F9E53-F17D-4777-ABA9-DD7CC5D22580}.Release|Any CPU.ActiveCfg = Release|Any CPU
		{448F9E53-F17D-4777-ABA9-DD7CC5D22580}.Release|Any CPU.Build.0 = Release|Any CPU
	EndGlobalSection
	GlobalSection(SolutionProperties) = preSolution
		HideSolutionNode = FALSE
	EndGlobalSection
	GlobalSection(NestedProjects) = preSolution
		{80284D92-D211-4A63-9B3B-EF553D550289} = {E3F038FC-1EB3-4696-8DD9-23CF8F089ED4}
		{B9E5766D-AEA3-474F-B2FA-6E5FBBA6F1B6} = {80284D92-D211-4A63-9B3B-EF553D550289}
		{54C2F667-DEED-4F79-A05D-FFA2C5F78E60} = {80284D92-D211-4A63-9B3B-EF553D550289}
		{D4F76414-4919-4AE8-B9D7-49960AA4D9F8} = {80284D92-D211-4A63-9B3B-EF553D550289}
		{F5D524F5-F037-4728-B921-D3321C34CC3B} = {96CC385F-7D12-43E2-ADDB-EF1E9EAE64B1}
		{C48D5FF3-D89F-4B25-ACD9-40E1E9CAD095} = {80284D92-D211-4A63-9B3B-EF553D550289}
		{3E307127-4C31-4C60-A569-5B9C2A5ABC77} = {68EA7F45-6804-4ECD-903B-2C989CD140ED}
		{85A08342-BC6D-4491-B208-8C775B5228AE} = {4004814E-3A4D-4644-A978-9BA7078569BD}
		{38222B69-6155-4475-8447-393C31BE8F5D} = {D0FE3B65-C309-4A78-B478-87C83CC8B02E}
		{A1374F69-AB8F-48EE-881D-9F75E062CB89} = {D0FE3B65-C309-4A78-B478-87C83CC8B02E}
		{B43F2AFB-24DD-469F-BD65-86363B8B8EDE} = {4004814E-3A4D-4644-A978-9BA7078569BD}
		{4004814E-3A4D-4644-A978-9BA7078569BD} = {D0FE3B65-C309-4A78-B478-87C83CC8B02E}
		{FCDE27F4-CDFA-438D-B20D-1E57DA94D59C} = {D0FE3B65-C309-4A78-B478-87C83CC8B02E}
		{40E75A0C-0E6D-4389-84C7-BEFD6167ECF8} = {E3F038FC-1EB3-4696-8DD9-23CF8F089ED4}
		{A779AFF5-721A-401C-9400-A80B583FD815} = {40E75A0C-0E6D-4389-84C7-BEFD6167ECF8}
		{DEDFDCF6-3CE3-4E43-83A0-596FB58DEC96} = {40E75A0C-0E6D-4389-84C7-BEFD6167ECF8}
		{A5B21608-9783-4DBF-92EF-87540D9983F3} = {40E75A0C-0E6D-4389-84C7-BEFD6167ECF8}
		{BB514251-6AB7-4A6D-AFFD-90505C4F0801} = {40E75A0C-0E6D-4389-84C7-BEFD6167ECF8}
		{64587A59-57F7-41FF-9656-A2AB20D22195} = {40E75A0C-0E6D-4389-84C7-BEFD6167ECF8}
		{4FED0D3C-243E-4B3D-BCA2-A782EB9A76D3} = {68EA7F45-6804-4ECD-903B-2C989CD140ED}
		{C5BB9C58-CAC2-4998-AC23-810FA4A9C012} = {68EA7F45-6804-4ECD-903B-2C989CD140ED}
		{23BFFBCE-D0CE-4D83-8407-24FF01E12808} = {5B43A9CB-DEE4-4355-A101-9A8D3A611769}
		{71BDFDE5-29C4-4A15-B0D4-77DED147F32C} = {5B43A9CB-DEE4-4355-A101-9A8D3A611769}
		{5B43A9CB-DEE4-4355-A101-9A8D3A611769} = {40E75A0C-0E6D-4389-84C7-BEFD6167ECF8}
		{9C2944DB-EDC5-45BB-96FE-7AE81E6EE0FB} = {80284D92-D211-4A63-9B3B-EF553D550289}
		{84C6068F-98D4-419E-A063-6061E714441F} = {E3F038FC-1EB3-4696-8DD9-23CF8F089ED4}
		{AEDBA422-6E1C-44DE-8368-5160577E1989} = {E3F038FC-1EB3-4696-8DD9-23CF8F089ED4}
		{E45A44F2-CCFE-4655-B6A8-F73A71D92792} = {AEDBA422-6E1C-44DE-8368-5160577E1989}
		{081ECA9B-7DE2-4349-B767-770D2AD4D3D9} = {AEDBA422-6E1C-44DE-8368-5160577E1989}
		{D7DE5190-6407-4C7A-8F48-9234E59E04B4} = {AEDBA422-6E1C-44DE-8368-5160577E1989}
		{98809C6A-ABF0-474D-A6AA-F7FC699326A2} = {E3F038FC-1EB3-4696-8DD9-23CF8F089ED4}
		{32252EB6-3138-483B-9FC6-3665674A7A22} = {B5531E8B-A789-4B62-A01A-75E87C8CCBE8}
		{4D4C0A3C-F896-4EC1-AA9B-49BF310F1DEB} = {5B43A9CB-DEE4-4355-A101-9A8D3A611769}
		{DB8821ED-9E8D-4B2B-949F-8D2A0109D27D} = {6F536438-55C9-49BC-966A-A8DFB7F1E154}
		{AB376237-6925-4FD3-9356-AD58E007416F} = {6F536438-55C9-49BC-966A-A8DFB7F1E154}
		{CDE96D1E-AD0A-4DA3-8830-E83D4ED28EED} = {6F536438-55C9-49BC-966A-A8DFB7F1E154}
		{66C6C124-80BD-45E1-B731-25C798A30A26} = {6F536438-55C9-49BC-966A-A8DFB7F1E154}
		{BB7DB76A-61F6-4E44-AEE8-5502B4B718C7} = {6F536438-55C9-49BC-966A-A8DFB7F1E154}
		{13F864EF-F904-473C-A0B3-418263CEA711} = {51656216-C5A1-4F29-AE30-AE4FD43F6550}
		{448F9E53-F17D-4777-ABA9-DD7CC5D22580} = {84C6068F-98D4-419E-A063-6061E714441F}
	EndGlobalSection
	GlobalSection(ExtensibilityGlobals) = postSolution
		SolutionGuid = {8E59E974-5A91-484D-973C-F663C23E3F74}
	EndGlobalSection
EndGlobal
